
Microsoft Visual Studio Solution File, Format Version 12.00
# Visual Studio 15
VisualStudioVersion = 15.0.28307.421
MinimumVisualStudioVersion = 10.0.40219.1
Project("{FAE04EC0-301F-11D3-BF4B-00C04F79EFBC}") = "DiningPhilosophers_n", "DiningPhilosophers_n\DiningPhilosophers_n.csproj", "{2E0F2AB2-0744-46BE-BAE7-A8C518088925}"
EndProject
Global
	GlobalSection(SolutionConfigurationPlatforms) = preSolution
		Debug|Any CPU = Debug|Any CPU
		Release|Any CPU = Release|Any CPU
	EndGlobalSection
	GlobalSection(ProjectConfigurationPlatforms) = postSolution
		{2E0F2AB2-0744-46BE-BAE7-A8C518088925}.Debug|Any CPU.ActiveCfg = Debug|Any CPU
		{2E0F2AB2-0744-46BE-BAE7-A8C518088925}.Debug|Any CPU.Build.0 = Debug|Any CPU
		{2E0F2AB2-0744-46BE-BAE7-A8C518088925}.Release|Any CPU.ActiveCfg = Release|Any CPU
		{2E0F2AB2-0744-46BE-BAE7-A8C518088925}.Release|Any CPU.Build.0 = Release|Any CPU
	EndGlobalSection
	GlobalSection(SolutionProperties) = preSolution
		HideSolutionNode = FALSE
	EndGlobalSection
	GlobalSection(ExtensibilityGlobals) = postSolution
		SolutionGuid = {B5571512-C6E6-454D-B984-95180E3C3A14}
	EndGlobalSection
EndGlobal
